
Microsoft Visual Studio Solution File, Format Version 12.00
# Visual Studio Version 16
VisualStudioVersion = 16.0.31702.278
MinimumVisualStudioVersion = 10.0.40219.1
Project("{9A19103F-16F7-4668-BE54-9A1E7A4F7556}") = "PrismWPF", "PrismWPF\PrismWPF.csproj", "{11AC0464-D7A4-44B6-9B71-87EF9E04EF33}"
EndProject
Project("{9A19103F-16F7-4668-BE54-9A1E7A4F7556}") = "Utility", "Utility\Utility.csproj", "{5D38D6DE-53DE-4B95-AE24-FB2250D95740}"
EndProject
Project("{9A19103F-16F7-4668-BE54-9A1E7A4F7556}") = "Checo.Models", "Checo.Models\Checo.Models.csproj", "{8FBA9633-4458-4067-976E-0C35C690BBFF}"
EndProject
Project("{9A19103F-16F7-4668-BE54-9A1E7A4F7556}") = "Checo.Repository", "Checo.Repository\Checo.Repository.csproj", "{1D40B4A7-778B-4CBF-A18C-B46974DCB31F}"
EndProject
Project("{9A19103F-16F7-4668-BE54-9A1E7A4F7556}") = "Checo.Service", "Checo.Service\Checo.Service.csproj", "{31F92AFD-7832-4575-BF21-17103184038B}"
EndProject
Project("{9A19103F-16F7-4668-BE54-9A1E7A4F7556}") = "Checo.ServiceTests", "Checo.ServiceTests\Checo.ServiceTests.csproj", "{FA0A0FA5-438F-4643-B0AB-571B484590F1}"
EndProject
Global
	GlobalSection(SolutionConfigurationPlatforms) = preSolution
		Debug|Any CPU = Debug|Any CPU
		Release|Any CPU = Release|Any CPU
	EndGlobalSection
	GlobalSection(ProjectConfigurationPlatforms) = postSolution
		{11AC0464-D7A4-44B6-9B71-87EF9E04EF33}.Debug|Any CPU.ActiveCfg = Debug|Any CPU
		{11AC0464-D7A4-44B6-9B71-87EF9E04EF33}.Debug|Any CPU.Build.0 = Debug|Any CPU
		{11AC0464-D7A4-44B6-9B71-87EF9E04EF33}.Release|Any CPU.ActiveCfg = Release|Any CPU
		{11AC0464-D7A4-44B6-9B71-87EF9E04EF33}.Release|Any CPU.Build.0 = Release|Any CPU
		{5D38D6DE-53DE-4B95-AE24-FB2250D95740}.Debug|Any CPU.ActiveCfg = Debug|Any CPU
		{5D38D6DE-53DE-4B95-AE24-FB2250D95740}.Debug|Any CPU.Build.0 = Debug|Any CPU
		{5D38D6DE-53DE-4B95-AE24-FB2250D95740}.Release|Any CPU.ActiveCfg = Release|Any CPU
		{5D38D6DE-53DE-4B95-AE24-FB2250D95740}.Release|Any CPU.Build.0 = Release|Any CPU
		{8FBA9633-4458-4067-976E-0C35C690BBFF}.Debug|Any CPU.ActiveCfg = Debug|Any CPU
		{8FBA9633-4458-4067-976E-0C35C690BBFF}.Debug|Any CPU.Build.0 = Debug|Any CPU
		{8FBA9633-4458-4067-976E-0C35C690BBFF}.Release|Any CPU.ActiveCfg = Release|Any CPU
		{8FBA9633-4458-4067-976E-0C35C690BBFF}.Release|Any CPU.Build.0 = Release|Any CPU
		{1D40B4A7-778B-4CBF-A18C-B46974DCB31F}.Debug|Any CPU.ActiveCfg = Debug|Any CPU
		{1D40B4A7-778B-4CBF-A18C-B46974DCB31F}.Debug|Any CPU.Build.0 = Debug|Any CPU
		{1D40B4A7-778B-4CBF-A18C-B46974DCB31F}.Release|Any CPU.ActiveCfg = Release|Any CPU
		{1D40B4A7-778B-4CBF-A18C-B46974DCB31F}.Release|Any CPU.Build.0 = Release|Any CPU
		{31F92AFD-7832-4575-BF21-17103184038B}.Debug|Any CPU.ActiveCfg = Debug|Any CPU
		{31F92AFD-7832-4575-BF21-17103184038B}.Debug|Any CPU.Build.0 = Debug|Any CPU
		{31F92AFD-7832-4575-BF21-17103184038B}.Release|Any CPU.ActiveCfg = Release|Any CPU
		{31F92AFD-7832-4575-BF21-17103184038B}.Release|Any CPU.Build.0 = Release|Any CPU
		{FA0A0FA5-438F-4643-B0AB-571B484590F1}.Debug|Any CPU.ActiveCfg = Debug|Any CPU
		{FA0A0FA5-438F-4643-B0AB-571B484590F1}.Debug|Any CPU.Build.0 = Debug|Any CPU
		{FA0A0FA5-438F-4643-B0AB-571B484590F1}.Release|Any CPU.ActiveCfg = Release|Any CPU
		{FA0A0FA5-438F-4643-B0AB-571B484590F1}.Release|Any CPU.Build.0 = Release|Any CPU
	EndGlobalSection
	GlobalSection(SolutionProperties) = preSolution
		HideSolutionNode = FALSE
	EndGlobalSection
	GlobalSection(ExtensibilityGlobals) = postSolution
		SolutionGuid = {27DE5AE3-A94D-4A35-A43F-027C33EE64A0}
	EndGlobalSection
EndGlobal
